// !$*UTF8*$!
{
	archiveVersion = 1;
	classes = {
	};
	objectVersion = 46;
	objects = {

/* Begin PBXBuildFile section */
		6C4E08C690B67DFE21CCBC58 /* libPods-iCast.a in Frameworks */ = {isa = PBXBuildFile; fileRef = B2EAC61B9C40FFFA3721A522 /* libPods-iCast.a */; };
		A50380BB1E1361D000CAE59B /* AppDelegate.swift in Sources */ = {isa = PBXBuildFile; fileRef = A50380BA1E1361D000CAE59B /* AppDelegate.swift */; };
		A50380BD1E1361D000CAE59B /* BrowserViewController.swift in Sources */ = {isa = PBXBuildFile; fileRef = A50380BC1E1361D000CAE59B /* BrowserViewController.swift */; };
		A50380C01E1361D000CAE59B /* Main.storyboard in Resources */ = {isa = PBXBuildFile; fileRef = A50380BE1E1361D000CAE59B /* Main.storyboard */; };
		A50380C21E1361D000CAE59B /* Assets.xcassets in Resources */ = {isa = PBXBuildFile; fileRef = A50380C11E1361D000CAE59B /* Assets.xcassets */; };
		A50380C51E1361D000CAE59B /* LaunchScreen.storyboard in Resources */ = {isa = PBXBuildFile; fileRef = A50380C31E1361D000CAE59B /* LaunchScreen.storyboard */; };
		A50380CD1E13665F00CAE59B /* Podfile in Resources */ = {isa = PBXBuildFile; fileRef = A50380CC1E13665F00CAE59B /* Podfile */; };
		A5D08EC91E14725600FBB7EE /* BrowserUtil.swift in Sources */ = {isa = PBXBuildFile; fileRef = A5D08EC81E14725600FBB7EE /* BrowserUtil.swift */; };
/* End PBXBuildFile section */

/* Begin PBXFileReference section */
		29EA10D3CFE49F84E1B1AB76 /* Pods-iCast.release.xcconfig */ = {isa = PBXFileReference; includeInIndex = 1; lastKnownFileType = text.xcconfig; name = "Pods-iCast.release.xcconfig"; path = "Pods/Target Support Files/Pods-iCast/Pods-iCast.release.xcconfig"; sourceTree = "<group>"; };
		66325A3439EAC0C57ED6A499 /* Pods-iCast.debug.xcconfig */ = {isa = PBXFileReference; includeInIndex = 1; lastKnownFileType = text.xcconfig; name = "Pods-iCast.debug.xcconfig"; path = "Pods/Target Support Files/Pods-iCast/Pods-iCast.debug.xcconfig"; sourceTree = "<group>"; };
		A50380B71E1361D000CAE59B /* iCast.app */ = {isa = PBXFileReference; explicitFileType = wrapper.application; includeInIndex = 0; path = iCast.app; sourceTree = BUILT_PRODUCTS_DIR; };
		A50380BA1E1361D000CAE59B /* AppDelegate.swift */ = {isa = PBXFileReference; lastKnownFileType = sourcecode.swift; path = AppDelegate.swift; sourceTree = "<group>"; };
		A50380BC1E1361D000CAE59B /* BrowserViewController.swift */ = {isa = PBXFileReference; lastKnownFileType = sourcecode.swift; path = BrowserViewController.swift; sourceTree = "<group>"; };
		A50380BF1E1361D000CAE59B /* Base */ = {isa = PBXFileReference; lastKnownFileType = file.storyboard; name = Base; path = Base.lproj/Main.storyboard; sourceTree = "<group>"; };
		A50380C11E1361D000CAE59B /* Assets.xcassets */ = {isa = PBXFileReference; lastKnownFileType = folder.assetcatalog; path = Assets.xcassets; sourceTree = "<group>"; };
		A50380C41E1361D000CAE59B /* Base */ = {isa = PBXFileReference; lastKnownFileType = file.storyboard; name = Base; path = Base.lproj/LaunchScreen.storyboard; sourceTree = "<group>"; };
		A50380C61E1361D000CAE59B /* Info.plist */ = {isa = PBXFileReference; lastKnownFileType = text.plist.xml; path = Info.plist; sourceTree = "<group>"; };
		A50380CC1E13665F00CAE59B /* Podfile */ = {isa = PBXFileReference; fileEncoding = 4; lastKnownFileType = text; path = Podfile; sourceTree = "<group>"; };
		A5D08EC81E14725600FBB7EE /* BrowserUtil.swift */ = {isa = PBXFileReference; fileEncoding = 4; lastKnownFileType = sourcecode.swift; path = BrowserUtil.swift; sourceTree = "<group>"; };
		B2EAC61B9C40FFFA3721A522 /* libPods-iCast.a */ = {isa = PBXFileReference; explicitFileType = archive.ar; includeInIndex = 0; path = "libPods-iCast.a"; sourceTree = BUILT_PRODUCTS_DIR; };
/* End PBXFileReference section */

/* Begin PBXFrameworksBuildPhase section */
		A50380B41E1361D000CAE59B /* Frameworks */ = {
			isa = PBXFrameworksBuildPhase;
			buildActionMask = 2147483647;
			files = (
				6C4E08C690B67DFE21CCBC58 /* libPods-iCast.a in Frameworks */,
			);
			runOnlyForDeploymentPostprocessing = 0;
		};
/* End PBXFrameworksBuildPhase section */

/* Begin PBXGroup section */
		53B301476AD4C2C48B107BA7 /* Pods */ = {
			isa = PBXGroup;
			children = (
				66325A3439EAC0C57ED6A499 /* Pods-iCast.debug.xcconfig */,
				29EA10D3CFE49F84E1B1AB76 /* Pods-iCast.release.xcconfig */,
			);
			name = Pods;
			sourceTree = "<group>";
		};
		589E1B52BA28CFC4900F9B94 /* Frameworks */ = {
			isa = PBXGroup;
			children = (
				B2EAC61B9C40FFFA3721A522 /* libPods-iCast.a */,
			);
			name = Frameworks;
			sourceTree = "<group>";
		};
		A50380AE1E1361D000CAE59B = {
			isa = PBXGroup;
			children = (
				A50380B91E1361D000CAE59B /* iCast */,
				A50380B81E1361D000CAE59B /* Products */,
				53B301476AD4C2C48B107BA7 /* Pods */,
				589E1B52BA28CFC4900F9B94 /* Frameworks */,
			);
			sourceTree = "<group>";
		};
		A50380B81E1361D000CAE59B /* Products */ = {
			isa = PBXGroup;
			children = (
				A50380B71E1361D000CAE59B /* iCast.app */,
			);
			name = Products;
			sourceTree = "<group>";
		};
		A50380B91E1361D000CAE59B /* iCast */ = {
			isa = PBXGroup;
			children = (
				A50380BA1E1361D000CAE59B /* AppDelegate.swift */,
				A50380BC1E1361D000CAE59B /* BrowserViewController.swift */,
				A5D08EC81E14725600FBB7EE /* BrowserUtil.swift */,
				A50380BE1E1361D000CAE59B /* Main.storyboard */,
				A50380C11E1361D000CAE59B /* Assets.xcassets */,
				A50380C31E1361D000CAE59B /* LaunchScreen.storyboard */,
				A50380C61E1361D000CAE59B /* Info.plist */,
				A50380CC1E13665F00CAE59B /* Podfile */,
			);
			path = iCast;
			sourceTree = "<group>";
		};
/* End PBXGroup section */

/* Begin PBXNativeTarget section */
		A50380B61E1361D000CAE59B /* iCast */ = {
			isa = PBXNativeTarget;
			buildConfigurationList = A50380C91E1361D000CAE59B /* Build configuration list for PBXNativeTarget "iCast" */;
			buildPhases = (
				6D429CA7FCDD64B602B14427 /* [CP] Check Pods Manifest.lock */,
				A50380B31E1361D000CAE59B /* Sources */,
				A50380B41E1361D000CAE59B /* Frameworks */,
				A50380B51E1361D000CAE59B /* Resources */,
				388928455F0F0BE82CC5B0C5 /* [CP] Embed Pods Frameworks */,
				0F8EAA91C9FD4E1D4808615B /* [CP] Copy Pods Resources */,
			);
			buildRules = (
			);
			dependencies = (
			);
			name = iCast;
			productName = iCast;
			productReference = A50380B71E1361D000CAE59B /* iCast.app */;
			productType = "com.apple.product-type.application";
		};
/* End PBXNativeTarget section */

/* Begin PBXProject section */
		A50380AF1E1361D000CAE59B /* Project object */ = {
			isa = PBXProject;
			attributes = {
				LastSwiftUpdateCheck = 0810;
				LastUpgradeCheck = 0810;
				ORGANIZATIONNAME = Praveen;
				TargetAttributes = {
					A50380B61E1361D000CAE59B = {
						CreatedOnToolsVersion = 8.1;
						DevelopmentTeam = V5SWQD74B4;
						ProvisioningStyle = Automatic;
					};
				};
			};
			buildConfigurationList = A50380B21E1361D000CAE59B /* Build configuration list for PBXProject "iCast" */;
			compatibilityVersion = "Xcode 3.2";
			developmentRegion = English;
			hasScannedForEncodings = 0;
			knownRegions = (
				en,
				Base,
			);
			mainGroup = A50380AE1E1361D000CAE59B;
			productRefGroup = A50380B81E1361D000CAE59B /* Products */;
			projectDirPath = "";
			projectRoot = "";
			targets = (
				A50380B61E1361D000CAE59B /* iCast */,
			);
		};
/* End PBXProject section */

/* Begin PBXResourcesBuildPhase section */
		A50380B51E1361D000CAE59B /* Resources */ = {
			isa = PBXResourcesBuildPhase;
			buildActionMask = 2147483647;
			files = (
				A50380C51E1361D000CAE59B /* LaunchScreen.storyboard in Resources */,
				A50380C21E1361D000CAE59B /* Assets.xcassets in Resources */,
				A50380CD1E13665F00CAE59B /* Podfile in Resources */,
				A50380C01E1361D000CAE59B /* Main.storyboard in Resources */,
			);
			runOnlyForDeploymentPostprocessing = 0;
		};
/* End PBXResourcesBuildPhase section */

/* Begin PBXShellScriptBuildPhase section */
		0F8EAA91C9FD4E1D4808615B /* [CP] Copy Pods Resources */ = {
			isa = PBXShellScriptBuildPhase;
			buildActionMask = 2147483647;
			files = (
			);
			inputPaths = (
			);
			name = "[CP] Copy Pods Resources";
			outputPaths = (
			);
			runOnlyForDeploymentPostprocessing = 0;
			shellPath = /bin/sh;
			shellScript = "\"${SRCROOT}/Pods/Target Support Files/Pods-iCast/Pods-iCast-resources.sh\"\n";
			showEnvVarsInLog = 0;
		};
		388928455F0F0BE82CC5B0C5 /* [CP] Embed Pods Frameworks */ = {
			isa = PBXShellScriptBuildPhase;
			buildActionMask = 2147483647;
			files = (
			);
			inputPaths = (
			);
			name = "[CP] Embed Pods Frameworks";
			outputPaths = (
			);
			runOnlyForDeploymentPostprocessing = 0;
			shellPath = /bin/sh;
			shellScript = "\"${SRCROOT}/Pods/Target Support Files/Pods-iCast/Pods-iCast-frameworks.sh\"\n";
			showEnvVarsInLog = 0;
		};
		6D429CA7FCDD64B602B14427 /* [CP] Check Pods Manifest.lock */ = {
			isa = PBXShellScriptBuildPhase;
			buildActionMask = 2147483647;
			files = (
			);
			inputPaths = (
			);
			name = "[CP] Check Pods Manifest.lock";
			outputPaths = (
			);
			runOnlyForDeploymentPostprocessing = 0;
			shellPath = /bin/sh;
			shellScript = "diff \"${PODS_ROOT}/../Podfile.lock\" \"${PODS_ROOT}/Manifest.lock\" > /dev/null\nif [ $? != 0 ] ; then\n    # print error to STDERR\n    echo \"error: The sandbox is not in sync with the Podfile.lock. Run 'pod install' or update your CocoaPods installation.\" >&2\n    exit 1\nfi\n";
			showEnvVarsInLog = 0;
		};
/* End PBXShellScriptBuildPhase section */

/* Begin PBXSourcesBuildPhase section */
		A50380B31E1361D000CAE59B /* Sources */ = {
			isa = PBXSourcesBuildPhase;
			buildActionMask = 2147483647;
			files = (
				A50380BD1E1361D000CAE59B /* BrowserViewController.swift in Sources */,
				A5D08EC91E14725600FBB7EE /* BrowserUtil.swift in Sources */,
				A50380BB1E1361D000CAE59B /* AppDelegate.swift in Sources */,
			);
			runOnlyForDeploymentPostprocessing = 0;
		};
/* End PBXSourcesBuildPhase section */

/* Begin PBXVariantGroup section */
		A50380BE1E1361D000CAE59B /* Main.storyboard */ = {
			isa = PBXVariantGroup;
			children = (
				A50380BF1E1361D000CAE59B /* Base */,
			);
			name = Main.storyboard;
			sourceTree = "<group>";
		};
		A50380C31E1361D000CAE59B /* LaunchScreen.storyboard */ = {
			isa = PBXVariantGroup;
			children = (
				A50380C41E1361D000CAE59B /* Base */,
			);
			name = LaunchScreen.storyboard;
			sourceTree = "<group>";
		};
/* End PBXVariantGroup section */

/* Begin XCBuildConfiguration section */
		A50380C71E1361D000CAE59B /* Debug */ = {
			isa = XCBuildConfiguration;
			buildSettings = {
				ALWAYS_SEARCH_USER_PATHS = NO;
				CLANG_ANALYZER_NONNULL = YES;
				CLANG_CXX_LANGUAGE_STANDARD = "gnu++0x";
				CLANG_CXX_LIBRARY = "libc++";
				CLANG_ENABLE_MODULES = YES;
				CLANG_ENABLE_OBJC_ARC = YES;
				CLANG_WARN_BOOL_CONVERSION = YES;
				CLANG_WARN_CONSTANT_CONVERSION = YES;
				CLANG_WARN_DIRECT_OBJC_ISA_USAGE = YES_ERROR;
				CLANG_WARN_DOCUMENTATION_COMMENTS = YES;
				CLANG_WARN_EMPTY_BODY = YES;
				CLANG_WARN_ENUM_CONVERSION = YES;
				CLANG_WARN_INFINITE_RECURSION = YES;
				CLANG_WARN_INT_CONVERSION = YES;
				CLANG_WARN_OBJC_ROOT_CLASS = YES_ERROR;
				CLANG_WARN_SUSPICIOUS_MOVE = YES;
				CLANG_WARN_SUSPICIOUS_MOVES = YES;
				CLANG_WARN_UNREACHABLE_CODE = YES;
				CLANG_WARN__DUPLICATE_METHOD_MATCH = YES;
				"CODE_SIGN_IDENTITY[sdk=iphoneos*]" = "iPhone Developer";
				COPY_PHASE_STRIP = NO;
				DEBUG_INFORMATION_FORMAT = dwarf;
				ENABLE_STRICT_OBJC_MSGSEND = YES;
				ENABLE_TESTABILITY = YES;
				GCC_C_LANGUAGE_STANDARD = gnu99;
				GCC_DYNAMIC_NO_PIC = NO;
				GCC_NO_COMMON_BLOCKS = YES;
				GCC_OPTIMIZATION_LEVEL = 0;
				GCC_PREPROCESSOR_DEFINITIONS = (
					"DEBUG=1",
					"$(inherited)",
				);
				GCC_WARN_64_TO_32_BIT_CONVERSION = YES;
				GCC_WARN_ABOUT_RETURN_TYPE = YES_ERROR;
				GCC_WARN_UNDECLARED_SELECTOR = YES;
				GCC_WARN_UNINITIALIZED_AUTOS = YES_AGGRESSIVE;
				GCC_WARN_UNUSED_FUNCTION = YES;
				GCC_WARN_UNUSED_VARIABLE = YES;
				IPHONEOS_DEPLOYMENT_TARGET = 10.1;
				MTL_ENABLE_DEBUG_INFO = YES;
				ONLY_ACTIVE_ARCH = YES;
				SDKROOT = iphoneos;
				SWIFT_ACTIVE_COMPILATION_CONDITIONS = DEBUG;
				SWIFT_OPTIMIZATION_LEVEL = "-Onone";
				TARGETED_DEVICE_FAMILY = "1,2";
			};
			name = Debug;
		};
		A50380C81E1361D000CAE59B /* Release */ = {
			isa = XCBuildConfiguration;
			buildSettings = {
				ALWAYS_SEARCH_USER_PATHS = NO;
				CLANG_ANALYZER_NONNULL = YES;
				CLANG_CXX_LANGUAGE_STANDARD = "gnu++0x";
				CLANG_CXX_LIBRARY = "libc++";
				CLANG_ENABLE_MODULES = YES;
				CLANG_ENABLE_OBJC_ARC = YES;
				CLANG_WARN_BOOL_CONVERSION = YES;
				CLANG_WARN_CONSTANT_CONVERSION = YES;
				CLANG_WARN_DIRECT_OBJC_ISA_USAGE = YES_ERROR;
				CLANG_WARN_DOCUMENTATION_COMMENTS = YES;
				CLANG_WARN_EMPTY_BODY = YES;
				CLANG_WARN_ENUM_CONVERSION = YES;
				CLANG_WARN_INFINITE_RECURSION = YES;
				CLANG_WARN_INT_CONVERSION = YES;
				CLANG_WARN_OBJC_ROOT_CLASS = YES_ERROR;
				CLANG_WARN_SUSPICIOUS_MOVE = YES;
				CLANG_WARN_SUSPICIOUS_MOVES = YES;
				CLANG_WARN_UNREACHABLE_CODE = YES;
				CLANG_WARN__DUPLICATE_METHOD_MATCH = YES;
				"CODE_SIGN_IDENTITY[sdk=iphoneos*]" = "iPhone Developer";
				COPY_PHASE_STRIP = NO;
				DEBUG_INFORMATION_FORMAT = "dwarf-with-dsym";
				ENABLE_NS_ASSERTIONS = NO;
				ENABLE_STRICT_OBJC_MSGSEND = YES;
				GCC_C_LANGUAGE_STANDARD = gnu99;
				GCC_NO_COMMON_BLOCKS = YES;
				GCC_WARN_64_TO_32_BIT_CONVERSION = YES;
				GCC_WARN_ABOUT_RETURN_TYPE = YES_ERROR;
				GCC_WARN_UNDECLARED_SELECTOR = YES;
				GCC_WARN_UNINITIALIZED_AUTOS = YES_AGGRESSIVE;
				GCC_WARN_UNUSED_FUNCTION = YES;
				GCC_WARN_UNUSED_VARIABLE = YES;
				IPHONEOS_DEPLOYMENT_TARGET = 10.1;
				MTL_ENABLE_DEBUG_INFO = NO;
				SDKROOT = iphoneos;
				SWIFT_OPTIMIZATION_LEVEL = "-Owholemodule";
				TARGETED_DEVICE_FAMILY = "1,2";
				VALIDATE_PRODUCT = YES;
			};
			name = Release;
		};
		A50380CA1E1361D000CAE59B /* Debug */ = {
			isa = XCBuildConfiguration;
			baseConfigurationReference = 66325A3439EAC0C57ED6A499 /* Pods-iCast.debug.xcconfig */;
			buildSettings = {
				ASSETCATALOG_COMPILER_APPICON_NAME = AppIcon;
				DEVELOPMENT_TEAM = V5SWQD74B4;
				INFOPLIST_FILE = iCast/Info.plist;
				LD_RUNPATH_SEARCH_PATHS = "$(inherited) @executable_path/Frameworks";
				PRODUCT_BUNDLE_IDENTIFIER = com.praveen.iCast;
				PRODUCT_NAME = "$(TARGET_NAME)";
				SWIFT_VERSION = 3.0;
			};
			name = Debug;
		};
		A50380CB1E1361D000CAE59B /* Release */ = {
			isa = XCBuildConfiguration;
			baseConfigurationReference = 29EA10D3CFE49F84E1B1AB76 /* Pods-iCast.release.xcconfig */;
			buildSettings = {
				ASSETCATALOG_COMPILER_APPICON_NAME = AppIcon;
				DEVELOPMENT_TEAM = V5SWQD74B4;
				INFOPLIST_FILE = iCast/Info.plist;
				LD_RUNPATH_SEARCH_PATHS = "$(inherited) @executable_path/Frameworks";
				PRODUCT_BUNDLE_IDENTIFIER = com.praveen.iCast;
				PRODUCT_NAME = "$(TARGET_NAME)";
				SWIFT_VERSION = 3.0;
			};
			name = Release;
		};
/* End XCBuildConfiguration section */

/* Begin XCConfigurationList section */
		A50380B21E1361D000CAE59B /* Build configuration list for PBXProject "iCast" */ = {
			isa = XCConfigurationList;
			buildConfigurations = (
				A50380C71E1361D000CAE59B /* Debug */,
				A50380C81E1361D000CAE59B /* Release */,
			);
			defaultConfigurationIsVisible = 0;
			defaultConfigurationName = Release;
		};
		A50380C91E1361D000CAE59B /* Build configuration list for PBXNativeTarget "iCast" */ = {
			isa = XCConfigurationList;
			buildConfigurations = (
				A50380CA1E1361D000CAE59B /* Debug */,
				A50380CB1E1361D000CAE59B /* Release */,
			);
			defaultConfigurationIsVisible = 0;
			defaultConfigurationName = Release;
		};
/* End XCConfigurationList section */
	};
	rootObject = A50380AF1E1361D000CAE59B /* Project object */;
}
