PODS:
  - google-cast-remote-display-sdk (2.10.4):
    - google-cast-remote-display-sdk/Core (= 2.10.4)
  - google-cast-remote-display-sdk/Core (2.10.4):
    - google-cast-sdk (~> 2.10.4)
  - google-cast-sdk (2.10.4.1):
    - google-cast-sdk/Assets (= 2.10.4.1)
    - google-cast-sdk/Core (= 2.10.4.1)
  - google-cast-sdk/Assets (2.10.4.1):
    - google-cast-sdk/Core
  - google-cast-sdk/Core (2.10.4.1)

DEPENDENCIES:
  - google-cast-remote-display-sdk
  - google-cast-sdk

SPEC CHECKSUMS:
  google-cast-remote-display-sdk: 019a252b2e15ae27e3b15780271a49c6235693bf
  google-cast-sdk: 30f3b61691d833024c10c78811f6d96a831e754a

PODFILE CHECKSUM: 012f9e74c5775c58aaeb4928b9dfc93c8de4e569

COCOAPODS: 1.1.1
